
Microsoft Visual Studio Solution File, Format Version 12.00
# Visual Studio Version 17
VisualStudioVersion = 17.3.32825.248
MinimumVisualStudioVersion = 10.0.40219.1
Project("{9A19103F-16F7-4668-BE54-9A1E7A4F7556}") = "RAShop.Backend", "RAShop.Backend\RAShop.Backend.csproj", "{70139C5F-3FB5-42D6-8613-F9A896E9EB77}"
EndProject
Project("{9A19103F-16F7-4668-BE54-9A1E7A4F7556}") = "RAShop.Shared", "RAShop.Shared\RAShop.Shared.csproj", "{CF7CE778-8BF8-42D8-A531-161A7566A651}"
EndProject
Project("{FAE04EC0-301F-11D3-BF4B-00C04F79EFBC}") = "RAShop.CustomerSite", "RAShop.CustomerSite\RAShop.CustomerSite.csproj", "{DC2CACB9-690B-4F7C-A50E-91BB79BC6D5B}"
EndProject
Global
	GlobalSection(SolutionConfigurationPlatforms) = preSolution
		Debug|Any CPU = Debug|Any CPU
		Release|Any CPU = Release|Any CPU
	EndGlobalSection
	GlobalSection(ProjectConfigurationPlatforms) = postSolution
		{70139C5F-3FB5-42D6-8613-F9A896E9EB77}.Debug|Any CPU.ActiveCfg = Debug|Any CPU
		{70139C5F-3FB5-42D6-8613-F9A896E9EB77}.Debug|Any CPU.Build.0 = Debug|Any CPU
		{70139C5F-3FB5-42D6-8613-F9A896E9EB77}.Release|Any CPU.ActiveCfg = Release|Any CPU
		{70139C5F-3FB5-42D6-8613-F9A896E9EB77}.Release|Any CPU.Build.0 = Release|Any CPU
		{CF7CE778-8BF8-42D8-A531-161A7566A651}.Debug|Any CPU.ActiveCfg = Debug|Any CPU
		{CF7CE778-8BF8-42D8-A531-161A7566A651}.Debug|Any CPU.Build.0 = Debug|Any CPU
		{CF7CE778-8BF8-42D8-A531-161A7566A651}.Release|Any CPU.ActiveCfg = Release|Any CPU
		{CF7CE778-8BF8-42D8-A531-161A7566A651}.Release|Any CPU.Build.0 = Release|Any CPU
		{DC2CACB9-690B-4F7C-A50E-91BB79BC6D5B}.Debug|Any CPU.ActiveCfg = Debug|Any CPU
		{DC2CACB9-690B-4F7C-A50E-91BB79BC6D5B}.Debug|Any CPU.Build.0 = Debug|Any CPU
		{DC2CACB9-690B-4F7C-A50E-91BB79BC6D5B}.Release|Any CPU.ActiveCfg = Release|Any CPU
		{DC2CACB9-690B-4F7C-A50E-91BB79BC6D5B}.Release|Any CPU.Build.0 = Release|Any CPU
	EndGlobalSection
	GlobalSection(SolutionProperties) = preSolution
		HideSolutionNode = FALSE
	EndGlobalSection
	GlobalSection(ExtensibilityGlobals) = postSolution
		SolutionGuid = {DEC3EBF9-E2C3-480B-9345-75B7D7F29971}
	EndGlobalSection
EndGlobal
